version = 1
revision = 1
requires-python = ">=3.11"
resolution-markers = [
    "python_full_version >= '3.12' and sys_platform == 'darwin'",
    "python_full_version >= '3.12' and platform_machine == 'aarch64' and sys_platform == 'linux'",
    "(python_full_version >= '3.12' and platform_machine != 'aarch64' and sys_platform == 'linux') or (python_full_version >= '3.12' and sys_platform != 'darwin' and sys_platform != 'linux')",
    "python_full_version < '3.12' and sys_platform == 'darwin'",
    "python_full_version < '3.12' and platform_machine == 'aarch64' and sys_platform == 'linux'",
    "(python_full_version < '3.12' and platform_machine != 'aarch64' and sys_platform == 'linux') or (python_full_version < '3.12' and sys_platform != 'darwin' and sys_platform != 'linux')",
]

[[package]]
name = "pymupdf"
version = "1.25.5"
source = { registry = "https://pypi.org/simple" }
sdist = { url = "https://files.pythonhosted.org/packages/f9/af/3d5d363241b9a74470273cf1534436f13a0a61fc5ef6efd19e5afe9de812/pymupdf-1.25.5.tar.gz", hash = "sha256:5f96311cacd13254c905f6654a004a0a2025b71cabc04fda667f5472f72c15a0", size = 69812626 }
wheels = [
    { url = "https://files.pythonhosted.org/packages/85/5f/153d6c338291448e182648844849d13938a62a82a3e4a9b0907d9b381148/pymupdf-1.25.5-cp39-abi3-macosx_10_9_x86_64.whl", hash = "sha256:cde4e1c9cfb09c0e1e9c2b7f4b787dd6bb34a32cfe141a4675e24af7c0c25dd3", size = 19364722 },
    { url = "https://files.pythonhosted.org/packages/4e/55/43b64fa6cd048d2ea4574c045b5ac05d023254b91c2c703185f6f8a77b30/pymupdf-1.25.5-cp39-abi3-macosx_11_0_arm64.whl", hash = "sha256:5a35e2725fae0ab57f058dff77615c15eb5961eac50ba04f41ebc792cd8facad", size = 18606161 },
    { url = "https://files.pythonhosted.org/packages/8b/22/29edb3236aed2f99a7922699fd71183e2f6cdde3c3884670158ae4dcf3ea/pymupdf-1.25.5-cp39-abi3-manylinux2014_aarch64.manylinux_2_17_aarch64.whl", hash = "sha256:d94b800e9501929c42283d39bc241001dd87fdeea297b5cb40d5b5714534452f", size = 19467121 },
    { url = "https://files.pythonhosted.org/packages/18/12/95e2ebe2933f94800fdeafd87bc281a790e1dc947b147c3d101df4f73703/pymupdf-1.25.5-cp39-abi3-manylinux2014_x86_64.manylinux_2_17_x86_64.whl", hash = "sha256:ee22155d3a634642d76553204867d862ae1bdd9f7cf70c0797d8127ebee6bed5", size = 20030310 },
    { url = "https://files.pythonhosted.org/packages/bd/db/b4edec9e731ea7c2b74bf28b9091ed4e919d5c7f889ef86352b7fd416197/pymupdf-1.25.5-cp39-abi3-musllinux_1_2_x86_64.whl", hash = "sha256:6ed7fc25271004d6d3279c20a80cb2bb4cda3efa9f9088dcc07cd790eca0bc63", size = 21293562 },
    { url = "https://files.pythonhosted.org/packages/ec/47/682a8ddce650e09f5de6809c9bce926b2493a19b7f9537d80d4646989670/pymupdf-1.25.5-cp39-abi3-win32.whl", hash = "sha256:65e18ddb37fe8ec4edcdbebe9be3a8486b6a2f42609d0a142677e42f3a0614f8", size = 15110464 },
    { url = "https://files.pythonhosted.org/packages/71/c2/a9059607f80dcaf2392f991748cfc53456820392c0220cff02572653512a/pymupdf-1.25.5-cp39-abi3-win_amd64.whl", hash = "sha256:7f44bc3d03ea45b2f68c96464f96105e8c7908896f2fb5e8c04f1fb8dae7981e", size = 16579671 },
]

[[package]]
name = "vision-agent"
version = "1.0.7"
source = { editable = "." }
dependencies = [
    { name = "pymupdf" },
]

[package.metadata]
requires-dist = [{ name = "pymupdf", specifier = ">=1.25.5" }]
